
Microsoft Visual Studio Solution File, Format Version 12.00
# Visual Studio 14
VisualStudioVersion = 14.0.25420.1
MinimumVisualStudioVersion = 10.0.40219.1
Project("{8BC9CEB8-8B4A-11D0-8D11-00A0C91BC942}") = "pingpong", "pingpong\pingpong.vcxproj", "{BEBBF00B-5F14-4E02-AAC7-C1D530F325AD}"
EndProject
Project("{8BC9CEB8-8B4A-11D0-8D11-00A0C91BC942}") = "hellompi", "hellompi\hellompi.vcxproj", "{E9B06897-725F-4AA3-88E4-7ADFC89F614E}"
EndProject
Project("{8BC9CEB8-8B4A-11D0-8D11-00A0C91BC942}") = "traffic", "traffic\traffic.vcxproj", "{E01B029D-EE9C-4A5B-993A-989FE6F391C6}"
EndProject
Global
	GlobalSection(SolutionConfigurationPlatforms) = preSolution
		Debug|x64 = Debug|x64
		Debug|x86 = Debug|x86
		Release|x64 = Release|x64
		Release|x86 = Release|x86
	EndGlobalSection
	GlobalSection(ProjectConfigurationPlatforms) = postSolution
		{BEBBF00B-5F14-4E02-AAC7-C1D530F325AD}.Debug|x64.ActiveCfg = Debug|x64
		{BEBBF00B-5F14-4E02-AAC7-C1D530F325AD}.Debug|x64.Build.0 = Debug|x64
		{BEBBF00B-5F14-4E02-AAC7-C1D530F325AD}.Debug|x86.ActiveCfg = Debug|Win32
		{BEBBF00B-5F14-4E02-AAC7-C1D530F325AD}.Debug|x86.Build.0 = Debug|Win32
		{BEBBF00B-5F14-4E02-AAC7-C1D530F325AD}.Release|x64.ActiveCfg = Release|x64
		{BEBBF00B-5F14-4E02-AAC7-C1D530F325AD}.Release|x64.Build.0 = Release|x64
		{BEBBF00B-5F14-4E02-AAC7-C1D530F325AD}.Release|x86.ActiveCfg = Release|Win32
		{BEBBF00B-5F14-4E02-AAC7-C1D530F325AD}.Release|x86.Build.0 = Release|Win32
		{E9B06897-725F-4AA3-88E4-7ADFC89F614E}.Debug|x64.ActiveCfg = Debug|x64
		{E9B06897-725F-4AA3-88E4-7ADFC89F614E}.Debug|x64.Build.0 = Debug|x64
		{E9B06897-725F-4AA3-88E4-7ADFC89F614E}.Debug|x86.ActiveCfg = Debug|Win32
		{E9B06897-725F-4AA3-88E4-7ADFC89F614E}.Debug|x86.Build.0 = Debug|Win32
		{E9B06897-725F-4AA3-88E4-7ADFC89F614E}.Release|x64.ActiveCfg = Release|x64
		{E9B06897-725F-4AA3-88E4-7ADFC89F614E}.Release|x64.Build.0 = Release|x64
		{E9B06897-725F-4AA3-88E4-7ADFC89F614E}.Release|x86.ActiveCfg = Release|Win32
		{E9B06897-725F-4AA3-88E4-7ADFC89F614E}.Release|x86.Build.0 = Release|Win32
		{E01B029D-EE9C-4A5B-993A-989FE6F391C6}.Debug|x64.ActiveCfg = Debug|x64
		{E01B029D-EE9C-4A5B-993A-989FE6F391C6}.Debug|x64.Build.0 = Debug|x64
		{E01B029D-EE9C-4A5B-993A-989FE6F391C6}.Debug|x86.ActiveCfg = Debug|Win32
		{E01B029D-EE9C-4A5B-993A-989FE6F391C6}.Debug|x86.Build.0 = Debug|Win32
		{E01B029D-EE9C-4A5B-993A-989FE6F391C6}.Release|x64.ActiveCfg = Release|x64
		{E01B029D-EE9C-4A5B-993A-989FE6F391C6}.Release|x64.Build.0 = Release|x64
		{E01B029D-EE9C-4A5B-993A-989FE6F391C6}.Release|x86.ActiveCfg = Release|Win32
		{E01B029D-EE9C-4A5B-993A-989FE6F391C6}.Release|x86.Build.0 = Release|Win32
	EndGlobalSection
	GlobalSection(SolutionProperties) = preSolution
		HideSolutionNode = FALSE
	EndGlobalSection
EndGlobal
